github.com/aletheia7/sd/v6 v6.9.5 h1:t4rqFjaOap3pzXXWYNKhqKgGdc/mCOXqZVTcgCg2lFE=
github.com/aletheia7/sd/v6 v6.9.5/go.mod h1:bRMb2W97BblDBtjIIOUCOV22pb0P4+gdOcH/82/6AQk=
github.com/k-sone/critbitgo v1.2.0 h1:PoEwhYL7pg5abqVDCMq7HbmINGIwiw0Z9N/qcwm7zwg=
github.com/k-sone/critbitgo v1.2.0/go.mod h1:7E6pyoyADnFxlUBEKcnfS49b7SUAQGMK+OAp/UQvo0s=
